memo = "4998607df8ff4a9f0ceb693a7cd2d26631514c498d277dd8dc41e0f862398b4d"

[[projects]]
  branch = "master"
  name = "github.com/alehano/gohelpers"
  packages = ["compress"]
  revision = "eb98525b0837008f8cf0678bd417afa35d3ec5a0"

[[projects]]
  branch = "master"
  name = "github.com/alehano/reverse"
  packages = ["."]
  revision = "3fcb5f6be87e83d4780e7ca0733bd0ca8c0ff539"

[[projects]]
  branch = "master"
  name = "github.com/asaskevich/govalidator"
  packages = ["."]
  revision = "866354b2921d468a6463cf1ea2bf00cc597c9aaa"

[[projects]]
  branch = "master"
  name = "github.com/bradfitz/gomemcache"
  packages = ["memcache"]
  revision = "1952afaa557dc08e8e0d89eafab110fb501c1a2b"

[[projects]]
  branch = "master"
  name = "github.com/dgrijalva/jwt-go"
  packages = ["."]
  revision = "a539ee1a749a2b895533f979515ac7e6e0f5b650"

[[projects]]
  branch = "master"
  name = "github.com/go-chi/chi"
  packages = [".","middleware"]
  revision = "b8567b6442e27704bfeb725095091581cbe82a00"

[[projects]]
  branch = "master"
  name = "github.com/go-chi/jwtauth"
  packages = ["."]
  revision = "e701090bf80b87b3f81b27edf0559ab044b11181"

[[projects]]
  branch = "master"
  name = "github.com/golang/snappy"
  packages = ["."]
  revision = "d9eb7a3d35ec988b8585d4a0068e462c27d28380"

[[projects]]
  name = "github.com/inconshreveable/mousetrap"
  packages = ["."]
  revision = "76626ae9c91c4f2a10f34cad8ce83ea42c93bb75"
  version = "v1.0"

[[projects]]
  branch = "master"
  name = "github.com/jmoiron/sqlx"
  packages = [".","reflectx"]
  revision = "f980a91bdc37abef88269b8f122d7de6352102f5"

[[projects]]
  branch = "master"
  name = "github.com/lib/pq"
  packages = [".","oid"]
  revision = "ae7391529ced9c12f06bf01eae33dadb4c70e49f"

[[projects]]
  branch = "master"
  name = "github.com/spf13/cobra"
  packages = ["."]
  revision = "d7ba19510d17ff09130f842c8c2eb48f4196b6ee"

[[projects]]
  branch = "master"
  name = "github.com/spf13/pflag"
  packages = ["."]
  revision = "e57e3eeb33f795204c1ca35f56c44f83227c6e66"

[[projects]]
  branch = "master"
  name = "golang.org/x/crypto"
  packages = ["bcrypt","blowfish"]
  revision = "122d919ec1efcfb58483215da23f815853e24b81"

[[projects]]
  branch = "master"
  name = "gopkg.in/yaml.v2"
  packages = ["."]
  revision = "25c4ec802a7d637f88d584ab26798e94ad14c13b"
